
Microsoft Visual Studio Solution File, Format Version 12.00
# Visual Studio 14
VisualStudioVersion = 14.0.25420.1
MinimumVisualStudioVersion = 10.0.40219.1
Project("{2150E333-8FDC-42A3-9474-1A3956D46DE8}") = "00 - Tests", "00 - Tests", "{53400C53-8E6F-4E43-B6E9-A3526836AB5F}"
EndProject
Project("{2150E333-8FDC-42A3-9474-1A3956D46DE8}") = "01 - API", "01 - API", "{6FC7169C-0EF8-4F63-9BCD-D64611444555}"
EndProject
Project("{2150E333-8FDC-42A3-9474-1A3956D46DE8}") = "02 - Application", "02 - Application", "{6F99F019-00B9-43A7-9293-45E7B008F80A}"
EndProject
Project("{2150E333-8FDC-42A3-9474-1A3956D46DE8}") = "03 - Domain", "03 - Domain", "{8EEF6936-6C65-4EAB-96DC-54CDA961A79C}"
EndProject
Project("{2150E333-8FDC-42A3-9474-1A3956D46DE8}") = "04 - DataAccess", "04 - DataAccess", "{A5E450D2-019B-49D5-AFFA-59E7F3A2836B}"
EndProject
Project("{2150E333-8FDC-42A3-9474-1A3956D46DE8}") = "05 - Shared", "05 - Shared", "{EB8F1BB1-B847-4A60-9E0D-40D52FA513C1}"
EndProject
Project("{FAE04EC0-301F-11D3-BF4B-00C04F79EFBC}") = "CM.Application", "Projects\Application\CM.Application.csproj", "{1E4D266D-EFC5-4A41-8AEF-BE08BD69B8CE}"
EndProject
Project("{FAE04EC0-301F-11D3-BF4B-00C04F79EFBC}") = "CM.Domain", "Projects\Domain\CM.Domain.csproj", "{8026A6FD-014B-413B-AC7B-2E69DF43A40F}"
EndProject
Project("{FAE04EC0-301F-11D3-BF4B-00C04F79EFBC}") = "CM.DataAccess", "Projects\DataAccess\CM.DataAccess.csproj", "{A2F6D768-493C-45EE-9E81-E92BC1337823}"
EndProject
Project("{FAE04EC0-301F-11D3-BF4B-00C04F79EFBC}") = "CM.Common", "Projects\Common\CM.Common.csproj", "{8EC3C9FF-A861-43A7-B4FB-C5290D9AEFA1}"
EndProject
Project("{FAE04EC0-301F-11D3-BF4B-00C04F79EFBC}") = "CM.Utils", "Projects\Utils\CM.Utils.csproj", "{A9815FBF-C3C5-4BC4-99C4-8B39D4CC3D59}"
EndProject
Project("{FAE04EC0-301F-11D3-BF4B-00C04F79EFBC}") = "CM.IntegrationTests", "Tests\IntegrationTests\CM.IntegrationTests.csproj", "{67F7F699-4860-4705-A229-BABEB16CE6B3}"
EndProject
Project("{FAE04EC0-301F-11D3-BF4B-00C04F79EFBC}") = "CM.Api", "Projects\Api\CM.Api.csproj", "{28F6ECCD-C7D5-43B6-B489-6A37F7511021}"
EndProject
Project("{FAE04EC0-301F-11D3-BF4B-00C04F79EFBC}") = "CM.DataGenerator", "Projects\DataGenerator\CM.DataGenerator.csproj", "{6D3807EC-A3CD-49B5-9093-A47B1D12130F}"
EndProject
Project("{2150E333-8FDC-42A3-9474-1A3956D46DE8}") = "Solution Items", "Solution Items", "{8FAEE265-BD13-4750-9A26-F48CFE799DC1}"
	ProjectSection(SolutionItems) = preProject
		README.md = README.md
	EndProjectSection
EndProject
Global
	GlobalSection(SolutionConfigurationPlatforms) = preSolution
		Debug|Any CPU = Debug|Any CPU
		Release|Any CPU = Release|Any CPU
	EndGlobalSection
	GlobalSection(ProjectConfigurationPlatforms) = postSolution
		{1E4D266D-EFC5-4A41-8AEF-BE08BD69B8CE}.Debug|Any CPU.ActiveCfg = Debug|Any CPU
		{1E4D266D-EFC5-4A41-8AEF-BE08BD69B8CE}.Debug|Any CPU.Build.0 = Debug|Any CPU
		{1E4D266D-EFC5-4A41-8AEF-BE08BD69B8CE}.Release|Any CPU.ActiveCfg = Release|Any CPU
		{1E4D266D-EFC5-4A41-8AEF-BE08BD69B8CE}.Release|Any CPU.Build.0 = Release|Any CPU
		{8026A6FD-014B-413B-AC7B-2E69DF43A40F}.Debug|Any CPU.ActiveCfg = Debug|Any CPU
		{8026A6FD-014B-413B-AC7B-2E69DF43A40F}.Debug|Any CPU.Build.0 = Debug|Any CPU
		{8026A6FD-014B-413B-AC7B-2E69DF43A40F}.Release|Any CPU.ActiveCfg = Release|Any CPU
		{8026A6FD-014B-413B-AC7B-2E69DF43A40F}.Release|Any CPU.Build.0 = Release|Any CPU
		{A2F6D768-493C-45EE-9E81-E92BC1337823}.Debug|Any CPU.ActiveCfg = Debug|Any CPU
		{A2F6D768-493C-45EE-9E81-E92BC1337823}.Debug|Any CPU.Build.0 = Debug|Any CPU
		{A2F6D768-493C-45EE-9E81-E92BC1337823}.Release|Any CPU.ActiveCfg = Release|Any CPU
		{A2F6D768-493C-45EE-9E81-E92BC1337823}.Release|Any CPU.Build.0 = Release|Any CPU
		{8EC3C9FF-A861-43A7-B4FB-C5290D9AEFA1}.Debug|Any CPU.ActiveCfg = Debug|Any CPU
		{8EC3C9FF-A861-43A7-B4FB-C5290D9AEFA1}.Debug|Any CPU.Build.0 = Debug|Any CPU
		{8EC3C9FF-A861-43A7-B4FB-C5290D9AEFA1}.Release|Any CPU.ActiveCfg = Release|Any CPU
		{8EC3C9FF-A861-43A7-B4FB-C5290D9AEFA1}.Release|Any CPU.Build.0 = Release|Any CPU
		{A9815FBF-C3C5-4BC4-99C4-8B39D4CC3D59}.Debug|Any CPU.ActiveCfg = Debug|Any CPU
		{A9815FBF-C3C5-4BC4-99C4-8B39D4CC3D59}.Debug|Any CPU.Build.0 = Debug|Any CPU
		{A9815FBF-C3C5-4BC4-99C4-8B39D4CC3D59}.Release|Any CPU.ActiveCfg = Release|Any CPU
		{A9815FBF-C3C5-4BC4-99C4-8B39D4CC3D59}.Release|Any CPU.Build.0 = Release|Any CPU
		{67F7F699-4860-4705-A229-BABEB16CE6B3}.Debug|Any CPU.ActiveCfg = Debug|Any CPU
		{67F7F699-4860-4705-A229-BABEB16CE6B3}.Debug|Any CPU.Build.0 = Debug|Any CPU
		{67F7F699-4860-4705-A229-BABEB16CE6B3}.Release|Any CPU.ActiveCfg = Release|Any CPU
		{67F7F699-4860-4705-A229-BABEB16CE6B3}.Release|Any CPU.Build.0 = Release|Any CPU
		{28F6ECCD-C7D5-43B6-B489-6A37F7511021}.Debug|Any CPU.ActiveCfg = Debug|Any CPU
		{28F6ECCD-C7D5-43B6-B489-6A37F7511021}.Debug|Any CPU.Build.0 = Debug|Any CPU
		{28F6ECCD-C7D5-43B6-B489-6A37F7511021}.Release|Any CPU.ActiveCfg = Release|Any CPU
		{28F6ECCD-C7D5-43B6-B489-6A37F7511021}.Release|Any CPU.Build.0 = Release|Any CPU
		{6D3807EC-A3CD-49B5-9093-A47B1D12130F}.Debug|Any CPU.ActiveCfg = Debug|Any CPU
		{6D3807EC-A3CD-49B5-9093-A47B1D12130F}.Debug|Any CPU.Build.0 = Debug|Any CPU
		{6D3807EC-A3CD-49B5-9093-A47B1D12130F}.Release|Any CPU.ActiveCfg = Release|Any CPU
		{6D3807EC-A3CD-49B5-9093-A47B1D12130F}.Release|Any CPU.Build.0 = Release|Any CPU
	EndGlobalSection
	GlobalSection(SolutionProperties) = preSolution
		HideSolutionNode = FALSE
	EndGlobalSection
	GlobalSection(NestedProjects) = preSolution
		{1E4D266D-EFC5-4A41-8AEF-BE08BD69B8CE} = {6F99F019-00B9-43A7-9293-45E7B008F80A}
		{8026A6FD-014B-413B-AC7B-2E69DF43A40F} = {8EEF6936-6C65-4EAB-96DC-54CDA961A79C}
		{A2F6D768-493C-45EE-9E81-E92BC1337823} = {A5E450D2-019B-49D5-AFFA-59E7F3A2836B}
		{8EC3C9FF-A861-43A7-B4FB-C5290D9AEFA1} = {EB8F1BB1-B847-4A60-9E0D-40D52FA513C1}
		{A9815FBF-C3C5-4BC4-99C4-8B39D4CC3D59} = {EB8F1BB1-B847-4A60-9E0D-40D52FA513C1}
		{67F7F699-4860-4705-A229-BABEB16CE6B3} = {53400C53-8E6F-4E43-B6E9-A3526836AB5F}
		{28F6ECCD-C7D5-43B6-B489-6A37F7511021} = {6FC7169C-0EF8-4F63-9BCD-D64611444555}
		{6D3807EC-A3CD-49B5-9093-A47B1D12130F} = {6FC7169C-0EF8-4F63-9BCD-D64611444555}
	EndGlobalSection
EndGlobal
